
Microsoft Visual Studio Solution File, Format Version 12.00
# Visual Studio Version 17
VisualStudioVersion = 17.8.34322.80
MinimumVisualStudioVersion = 10.0.40219.1
Project("{9A19103F-16F7-4668-BE54-9A1E7A4F7556}") = "Day01", "Day01\Day01.csproj", "{08C57A34-68BD-4F05-893B-CA924B206E0C}"
EndProject
Project("{9A19103F-16F7-4668-BE54-9A1E7A4F7556}") = "Day02", "Day02\Day02.csproj", "{53079FB6-8132-4C0C-8DD1-4ECA04BADE57}"
EndProject
Project("{9A19103F-16F7-4668-BE54-9A1E7A4F7556}") = "Day03", "Day03\Day03.csproj", "{565DCFE2-FA23-4EF4-BD1F-B5B78DDC7813}"
EndProject
Project("{9A19103F-16F7-4668-BE54-9A1E7A4F7556}") = "Day04", "Day04\Day04.csproj", "{10C093C3-DF95-4C0E-A577-7ECB830F036C}"
EndProject
Project("{9A19103F-16F7-4668-BE54-9A1E7A4F7556}") = "Day05", "Day05\Day05.csproj", "{683DC1D6-2C56-4BCE-9BFE-701F6DD50F1C}"
EndProject
Project("{9A19103F-16F7-4668-BE54-9A1E7A4F7556}") = "Day06", "Day06\Day06.csproj", "{CBE75AA5-98E4-416A-8511-F7D43D0C78E4}"
EndProject
Project("{9A19103F-16F7-4668-BE54-9A1E7A4F7556}") = "Day07", "Day07\Day07.csproj", "{E20C8949-7176-42EA-8A1A-875D76688B98}"
EndProject
Project("{9A19103F-16F7-4668-BE54-9A1E7A4F7556}") = "Day08", "Day08\Day08.csproj", "{E432776F-CCD1-4B4B-9A82-B5116878ABCB}"
EndProject
Project("{9A19103F-16F7-4668-BE54-9A1E7A4F7556}") = "Day09", "Day09\Day09.csproj", "{098957BC-586D-4170-965E-492AB68DCBED}"
EndProject
Project("{FAE04EC0-301F-11D3-BF4B-00C04F79EFBC}") = "Day10", "Day10\Day10.csproj", "{BEE9662F-67EA-4518-801B-F046BFF063E3}"
EndProject
Global
	GlobalSection(SolutionConfigurationPlatforms) = preSolution
		Debug|Any CPU = Debug|Any CPU
		Release|Any CPU = Release|Any CPU
	EndGlobalSection
	GlobalSection(ProjectConfigurationPlatforms) = postSolution
		{08C57A34-68BD-4F05-893B-CA924B206E0C}.Debug|Any CPU.ActiveCfg = Debug|Any CPU
		{08C57A34-68BD-4F05-893B-CA924B206E0C}.Debug|Any CPU.Build.0 = Debug|Any CPU
		{08C57A34-68BD-4F05-893B-CA924B206E0C}.Release|Any CPU.ActiveCfg = Release|Any CPU
		{08C57A34-68BD-4F05-893B-CA924B206E0C}.Release|Any CPU.Build.0 = Release|Any CPU
		{53079FB6-8132-4C0C-8DD1-4ECA04BADE57}.Debug|Any CPU.ActiveCfg = Debug|Any CPU
		{53079FB6-8132-4C0C-8DD1-4ECA04BADE57}.Debug|Any CPU.Build.0 = Debug|Any CPU
		{53079FB6-8132-4C0C-8DD1-4ECA04BADE57}.Release|Any CPU.ActiveCfg = Release|Any CPU
		{53079FB6-8132-4C0C-8DD1-4ECA04BADE57}.Release|Any CPU.Build.0 = Release|Any CPU
		{565DCFE2-FA23-4EF4-BD1F-B5B78DDC7813}.Debug|Any CPU.ActiveCfg = Debug|Any CPU
		{565DCFE2-FA23-4EF4-BD1F-B5B78DDC7813}.Debug|Any CPU.Build.0 = Debug|Any CPU
		{565DCFE2-FA23-4EF4-BD1F-B5B78DDC7813}.Release|Any CPU.ActiveCfg = Release|Any CPU
		{565DCFE2-FA23-4EF4-BD1F-B5B78DDC7813}.Release|Any CPU.Build.0 = Release|Any CPU
		{10C093C3-DF95-4C0E-A577-7ECB830F036C}.Debug|Any CPU.ActiveCfg = Debug|Any CPU
		{10C093C3-DF95-4C0E-A577-7ECB830F036C}.Debug|Any CPU.Build.0 = Debug|Any CPU
		{10C093C3-DF95-4C0E-A577-7ECB830F036C}.Release|Any CPU.ActiveCfg = Release|Any CPU
		{10C093C3-DF95-4C0E-A577-7ECB830F036C}.Release|Any CPU.Build.0 = Release|Any CPU
		{683DC1D6-2C56-4BCE-9BFE-701F6DD50F1C}.Debug|Any CPU.ActiveCfg = Debug|Any CPU
		{683DC1D6-2C56-4BCE-9BFE-701F6DD50F1C}.Debug|Any CPU.Build.0 = Debug|Any CPU
		{683DC1D6-2C56-4BCE-9BFE-701F6DD50F1C}.Release|Any CPU.ActiveCfg = Release|Any CPU
		{683DC1D6-2C56-4BCE-9BFE-701F6DD50F1C}.Release|Any CPU.Build.0 = Release|Any CPU
		{CBE75AA5-98E4-416A-8511-F7D43D0C78E4}.Debug|Any CPU.ActiveCfg = Debug|Any CPU
		{CBE75AA5-98E4-416A-8511-F7D43D0C78E4}.Debug|Any CPU.Build.0 = Debug|Any CPU
		{CBE75AA5-98E4-416A-8511-F7D43D0C78E4}.Release|Any CPU.ActiveCfg = Release|Any CPU
		{CBE75AA5-98E4-416A-8511-F7D43D0C78E4}.Release|Any CPU.Build.0 = Release|Any CPU
		{E20C8949-7176-42EA-8A1A-875D76688B98}.Debug|Any CPU.ActiveCfg = Debug|Any CPU
		{E20C8949-7176-42EA-8A1A-875D76688B98}.Debug|Any CPU.Build.0 = Debug|Any CPU
		{E20C8949-7176-42EA-8A1A-875D76688B98}.Release|Any CPU.ActiveCfg = Release|Any CPU
		{E20C8949-7176-42EA-8A1A-875D76688B98}.Release|Any CPU.Build.0 = Release|Any CPU
		{E432776F-CCD1-4B4B-9A82-B5116878ABCB}.Debug|Any CPU.ActiveCfg = Debug|Any CPU
		{E432776F-CCD1-4B4B-9A82-B5116878ABCB}.Debug|Any CPU.Build.0 = Debug|Any CPU
		{E432776F-CCD1-4B4B-9A82-B5116878ABCB}.Release|Any CPU.ActiveCfg = Release|Any CPU
		{E432776F-CCD1-4B4B-9A82-B5116878ABCB}.Release|Any CPU.Build.0 = Release|Any CPU
		{098957BC-586D-4170-965E-492AB68DCBED}.Debug|Any CPU.ActiveCfg = Debug|Any CPU
		{098957BC-586D-4170-965E-492AB68DCBED}.Debug|Any CPU.Build.0 = Debug|Any CPU
		{098957BC-586D-4170-965E-492AB68DCBED}.Release|Any CPU.ActiveCfg = Release|Any CPU
		{098957BC-586D-4170-965E-492AB68DCBED}.Release|Any CPU.Build.0 = Release|Any CPU
		{BEE9662F-67EA-4518-801B-F046BFF063E3}.Debug|Any CPU.ActiveCfg = Debug|Any CPU
		{BEE9662F-67EA-4518-801B-F046BFF063E3}.Debug|Any CPU.Build.0 = Debug|Any CPU
		{BEE9662F-67EA-4518-801B-F046BFF063E3}.Release|Any CPU.ActiveCfg = Release|Any CPU
		{BEE9662F-67EA-4518-801B-F046BFF063E3}.Release|Any CPU.Build.0 = Release|Any CPU
	EndGlobalSection
	GlobalSection(SolutionProperties) = preSolution
		HideSolutionNode = FALSE
	EndGlobalSection
	GlobalSection(ExtensibilityGlobals) = postSolution
		SolutionGuid = {8D00E174-FDDB-4B74-89DF-591CE79AE134}
	EndGlobalSection
EndGlobal
